
Microsoft Visual Studio Solution File, Format Version 12.00
# Visual Studio Version 17
VisualStudioVersion = 17.12.35527.113 d17.12
MinimumVisualStudioVersion = 10.0.40219.1
Project("{FAE04EC0-301F-11D3-BF4B-00C04F79EFBC}") = "ödev88", "ödev88\ödev88.csproj", "{23C26D65-4570-45D4-A058-DBAD153E945C}"
EndProject
Global
	GlobalSection(SolutionConfigurationPlatforms) = preSolution
		Debug|Any CPU = Debug|Any CPU
		Release|Any CPU = Release|Any CPU
	EndGlobalSection
	GlobalSection(ProjectConfigurationPlatforms) = postSolution
		{23C26D65-4570-45D4-A058-DBAD153E945C}.Debug|Any CPU.ActiveCfg = Debug|Any CPU
		{23C26D65-4570-45D4-A058-DBAD153E945C}.Debug|Any CPU.Build.0 = Debug|Any CPU
		{23C26D65-4570-45D4-A058-DBAD153E945C}.Release|Any CPU.ActiveCfg = Release|Any CPU
		{23C26D65-4570-45D4-A058-DBAD153E945C}.Release|Any CPU.Build.0 = Release|Any CPU
	EndGlobalSection
	GlobalSection(SolutionProperties) = preSolution
		HideSolutionNode = FALSE
	EndGlobalSection
EndGlobal
