
Microsoft Visual Studio Solution File, Format Version 12.00
# Visual Studio Version 17
VisualStudioVersion = 17.12.35527.113 d17.12
MinimumVisualStudioVersion = 10.0.40219.1
Project("{FAE04EC0-301F-11D3-BF4B-00C04F79EFBC}") = "ödev97", "ödev97\ödev97.csproj", "{B89EE61F-4DC2-4E2A-90B0-F8CFEE18D9F6}"
EndProject
Global
	GlobalSection(SolutionConfigurationPlatforms) = preSolution
		Debug|Any CPU = Debug|Any CPU
		Release|Any CPU = Release|Any CPU
	EndGlobalSection
	GlobalSection(ProjectConfigurationPlatforms) = postSolution
		{B89EE61F-4DC2-4E2A-90B0-F8CFEE18D9F6}.Debug|Any CPU.ActiveCfg = Debug|Any CPU
		{B89EE61F-4DC2-4E2A-90B0-F8CFEE18D9F6}.Debug|Any CPU.Build.0 = Debug|Any CPU
		{B89EE61F-4DC2-4E2A-90B0-F8CFEE18D9F6}.Release|Any CPU.ActiveCfg = Release|Any CPU
		{B89EE61F-4DC2-4E2A-90B0-F8CFEE18D9F6}.Release|Any CPU.Build.0 = Release|Any CPU
	EndGlobalSection
	GlobalSection(SolutionProperties) = preSolution
		HideSolutionNode = FALSE
	EndGlobalSection
EndGlobal
